hash: 7ab027c8582a79feaa69f8878d6993896299301d6f9db1419673eae80a55d296
updated: 2016-12-29T23:24:10.835831259-05:00
imports:
- name: github.com/gin-gonic/gin
  version: 3900df04d2a88e22beaf6a2970c63648b9e1b0e1
  subpackages:
  - binding
  - render
- name: github.com/go-sql-driver/mysql
  version: 665b83488b90b902ce0a305ef6652e599771cdf9
- name: github.com/golang/protobuf
  version: 2402d76f3d41f928c7902a765dfc872356dd3aad
  subpackages:
  - proto
- name: github.com/jmoiron/sqlx
  version: a9cfc4a06cca420057207ac0a619e7f45fcbf4b7
  subpackages:
  - reflectx
- name: github.com/manucorporat/sse
  version: ee05b128a739a0fb76c7ebd3ae4810c1de808d6d
- name: github.com/urfave/cli
  version: b4f4786f378c0c1d3336b5bb798094b166edf5a9
- name: golang.org/x/net
  version: f315505cf3349909cdf013ea56690da34e96a451
  subpackages:
  - context
- name: gopkg.in/gin-gonic/gin.v1
  version: 2dae550eb5392006a4582ce9c90016a9b5a74e8b
- name: gopkg.in/go-playground/validator.v8
  version: c193cecd124b5cc722d7ee5538e945bdb3348435
- name: gopkg.in/yaml.v2
  version: a5b47d31c556af34a302ce5d659e6fea44d90de0
testImports: []
